
Microsoft Visual Studio Solution File, Format Version 12.00
# Visual Studio Version 17
VisualStudioVersion = 17.5.002.0
MinimumVisualStudioVersion = 10.0.40219.1
Project("{9A19103F-16F7-4668-BE54-9A1E7A4F7556}") = "Work1", "Work1.csproj", "{FB44AE63-E978-4749-A7D1-3E64613E0233}"
EndProject
Global
	GlobalSection(SolutionConfigurationPlatforms) = preSolution
		Debug|Any CPU = Debug|Any CPU
		Release|Any CPU = Release|Any CPU
	EndGlobalSection
	GlobalSection(ProjectConfigurationPlatforms) = postSolution
		{FB44AE63-E978-4749-A7D1-3E64613E0233}.Debug|Any CPU.ActiveCfg = Debug|Any CPU
		{FB44AE63-E978-4749-A7D1-3E64613E0233}.Debug|Any CPU.Build.0 = Debug|Any CPU
		{FB44AE63-E978-4749-A7D1-3E64613E0233}.Release|Any CPU.ActiveCfg = Release|Any CPU
		{FB44AE63-E978-4749-A7D1-3E64613E0233}.Release|Any CPU.Build.0 = Release|Any CPU
	EndGlobalSection
	GlobalSection(SolutionProperties) = preSolution
		HideSolutionNode = FALSE
	EndGlobalSection
	GlobalSection(ExtensibilityGlobals) = postSolution
		SolutionGuid = {C07486B8-8E58-4E9B-8962-7F61CA707336}
	EndGlobalSection
EndGlobal
